
Microsoft Visual Studio Solution File, Format Version 12.00
# Visual Studio 2013
VisualStudioVersion = 12.0.21005.1
MinimumVisualStudioVersion = 10.0.40219.1
Project("{FAE04EC0-301F-11D3-BF4B-00C04F79EFBC}") = "利润预测", "利润预测\利润预测.csproj", "{C73696E5-D004-42E9-B58A-8BDFFFA4C7B2}"
EndProject
Project("{FAE04EC0-301F-11D3-BF4B-00C04F79EFBC}") = "Model", "Model\Model.csproj", "{5C188CB9-9C34-4543-A711-D925ECCDE86A}"
EndProject
Project("{FAE04EC0-301F-11D3-BF4B-00C04F79EFBC}") = "Control", "Control\Control.csproj", "{A0A0C7EA-6C83-4F8A-B375-134C7AF6D259}"
EndProject
Project("{FAE04EC0-301F-11D3-BF4B-00C04F79EFBC}") = "Common", "Common\Common.csproj", "{83B110C7-700B-4E15-99C8-4A526EF594E5}"
EndProject
Project("{6141683F-8A12-4E36-9623-2EB02B2C2303}") = "Setup", "Setup\Setup.isproj", "{698249EC-28AF-434A-ABDC-B48015BB78DD}"
	ProjectSection(ProjectDependencies) = postProject
		{C73696E5-D004-42E9-B58A-8BDFFFA4C7B2} = {C73696E5-D004-42E9-B58A-8BDFFFA4C7B2}
	EndProjectSection
EndProject
Global
	GlobalSection(SolutionConfigurationPlatforms) = preSolution
		CD_ROM|Any CPU = CD_ROM|Any CPU
		Debug|Any CPU = Debug|Any CPU
		DVD-5|Any CPU = DVD-5|Any CPU
		Release|Any CPU = Release|Any CPU
		SingleImage|Any CPU = SingleImage|Any CPU
	EndGlobalSection
	GlobalSection(ProjectConfigurationPlatforms) = postSolution
		{C73696E5-D004-42E9-B58A-8BDFFFA4C7B2}.CD_ROM|Any CPU.ActiveCfg = Release|Any CPU
		{C73696E5-D004-42E9-B58A-8BDFFFA4C7B2}.CD_ROM|Any CPU.Build.0 = Release|Any CPU
		{C73696E5-D004-42E9-B58A-8BDFFFA4C7B2}.Debug|Any CPU.ActiveCfg = Debug|Any CPU
		{C73696E5-D004-42E9-B58A-8BDFFFA4C7B2}.Debug|Any CPU.Build.0 = Debug|Any CPU
		{C73696E5-D004-42E9-B58A-8BDFFFA4C7B2}.DVD-5|Any CPU.ActiveCfg = Debug|Any CPU
		{C73696E5-D004-42E9-B58A-8BDFFFA4C7B2}.DVD-5|Any CPU.Build.0 = Debug|Any CPU
		{C73696E5-D004-42E9-B58A-8BDFFFA4C7B2}.Release|Any CPU.ActiveCfg = Release|Any CPU
		{C73696E5-D004-42E9-B58A-8BDFFFA4C7B2}.Release|Any CPU.Build.0 = Release|Any CPU
		{C73696E5-D004-42E9-B58A-8BDFFFA4C7B2}.SingleImage|Any CPU.ActiveCfg = Release|Any CPU
		{C73696E5-D004-42E9-B58A-8BDFFFA4C7B2}.SingleImage|Any CPU.Build.0 = Release|Any CPU
		{5C188CB9-9C34-4543-A711-D925ECCDE86A}.CD_ROM|Any CPU.ActiveCfg = Release|Any CPU
		{5C188CB9-9C34-4543-A711-D925ECCDE86A}.CD_ROM|Any CPU.Build.0 = Release|Any CPU
		{5C188CB9-9C34-4543-A711-D925ECCDE86A}.Debug|Any CPU.ActiveCfg = Debug|Any CPU
		{5C188CB9-9C34-4543-A711-D925ECCDE86A}.Debug|Any CPU.Build.0 = Debug|Any CPU
		{5C188CB9-9C34-4543-A711-D925ECCDE86A}.DVD-5|Any CPU.ActiveCfg = Debug|Any CPU
		{5C188CB9-9C34-4543-A711-D925ECCDE86A}.DVD-5|Any CPU.Build.0 = Debug|Any CPU
		{5C188CB9-9C34-4543-A711-D925ECCDE86A}.Release|Any CPU.ActiveCfg = Release|Any CPU
		{5C188CB9-9C34-4543-A711-D925ECCDE86A}.Release|Any CPU.Build.0 = Release|Any CPU
		{5C188CB9-9C34-4543-A711-D925ECCDE86A}.SingleImage|Any CPU.ActiveCfg = Release|Any CPU
		{5C188CB9-9C34-4543-A711-D925ECCDE86A}.SingleImage|Any CPU.Build.0 = Release|Any CPU
		{A0A0C7EA-6C83-4F8A-B375-134C7AF6D259}.CD_ROM|Any CPU.ActiveCfg = Release|Any CPU
		{A0A0C7EA-6C83-4F8A-B375-134C7AF6D259}.CD_ROM|Any CPU.Build.0 = Release|Any CPU
		{A0A0C7EA-6C83-4F8A-B375-134C7AF6D259}.Debug|Any CPU.ActiveCfg = Debug|Any CPU
		{A0A0C7EA-6C83-4F8A-B375-134C7AF6D259}.Debug|Any CPU.Build.0 = Debug|Any CPU
		{A0A0C7EA-6C83-4F8A-B375-134C7AF6D259}.DVD-5|Any CPU.ActiveCfg = Debug|Any CPU
		{A0A0C7EA-6C83-4F8A-B375-134C7AF6D259}.DVD-5|Any CPU.Build.0 = Debug|Any CPU
		{A0A0C7EA-6C83-4F8A-B375-134C7AF6D259}.Release|Any CPU.ActiveCfg = Release|Any CPU
		{A0A0C7EA-6C83-4F8A-B375-134C7AF6D259}.Release|Any CPU.Build.0 = Release|Any CPU
		{A0A0C7EA-6C83-4F8A-B375-134C7AF6D259}.SingleImage|Any CPU.ActiveCfg = Release|Any CPU
		{A0A0C7EA-6C83-4F8A-B375-134C7AF6D259}.SingleImage|Any CPU.Build.0 = Release|Any CPU
		{83B110C7-700B-4E15-99C8-4A526EF594E5}.CD_ROM|Any CPU.ActiveCfg = Release|Any CPU
		{83B110C7-700B-4E15-99C8-4A526EF594E5}.CD_ROM|Any CPU.Build.0 = Release|Any CPU
		{83B110C7-700B-4E15-99C8-4A526EF594E5}.Debug|Any CPU.ActiveCfg = Debug|Any CPU
		{83B110C7-700B-4E15-99C8-4A526EF594E5}.Debug|Any CPU.Build.0 = Debug|Any CPU
		{83B110C7-700B-4E15-99C8-4A526EF594E5}.DVD-5|Any CPU.ActiveCfg = Debug|Any CPU
		{83B110C7-700B-4E15-99C8-4A526EF594E5}.DVD-5|Any CPU.Build.0 = Debug|Any CPU
		{83B110C7-700B-4E15-99C8-4A526EF594E5}.Release|Any CPU.ActiveCfg = Release|Any CPU
		{83B110C7-700B-4E15-99C8-4A526EF594E5}.Release|Any CPU.Build.0 = Release|Any CPU
		{83B110C7-700B-4E15-99C8-4A526EF594E5}.SingleImage|Any CPU.ActiveCfg = Release|Any CPU
		{83B110C7-700B-4E15-99C8-4A526EF594E5}.SingleImage|Any CPU.Build.0 = Release|Any CPU
		{698249EC-28AF-434A-ABDC-B48015BB78DD}.CD_ROM|Any CPU.ActiveCfg = CD_ROM
		{698249EC-28AF-434A-ABDC-B48015BB78DD}.CD_ROM|Any CPU.Build.0 = CD_ROM
		{698249EC-28AF-434A-ABDC-B48015BB78DD}.Debug|Any CPU.ActiveCfg = DVD-5
		{698249EC-28AF-434A-ABDC-B48015BB78DD}.Debug|Any CPU.Build.0 = DVD-5
		{698249EC-28AF-434A-ABDC-B48015BB78DD}.DVD-5|Any CPU.ActiveCfg = DVD-5
		{698249EC-28AF-434A-ABDC-B48015BB78DD}.DVD-5|Any CPU.Build.0 = DVD-5
		{698249EC-28AF-434A-ABDC-B48015BB78DD}.Release|Any CPU.ActiveCfg = SingleImage
		{698249EC-28AF-434A-ABDC-B48015BB78DD}.Release|Any CPU.Build.0 = SingleImage
		{698249EC-28AF-434A-ABDC-B48015BB78DD}.SingleImage|Any CPU.ActiveCfg = SingleImage
		{698249EC-28AF-434A-ABDC-B48015BB78DD}.SingleImage|Any CPU.Build.0 = SingleImage
	EndGlobalSection
	GlobalSection(SolutionProperties) = preSolution
		HideSolutionNode = FALSE
	EndGlobalSection
EndGlobal
